// !$*UTF8*$!
{
	archiveVersion = 1;
	classes = {
	};
	objectVersion = 55;
	objects = {

/* Begin PBXBuildFile section */
		22CF2F0327DF7AA8006BC5F0 /* AppDelegate.swift in Sources */ = {isa = PBXBuildFile; fileRef = 22CF2F0227DF7AA8006BC5F0 /* AppDelegate.swift */; };
		22CF2F0527DF7AA8006BC5F0 /* SceneDelegate.swift in Sources */ = {isa = PBXBuildFile; fileRef = 22CF2F0427DF7AA8006BC5F0 /* SceneDelegate.swift */; };
		22CF2F0A27DF7AA8006BC5F0 /* Main.storyboard in Resources */ = {isa = PBXBuildFile; fileRef = 22CF2F0827DF7AA8006BC5F0 /* Main.storyboard */; };
		22CF2F0C27DF7AAA006BC5F0 /* Assets.xcassets in Resources */ = {isa = PBXBuildFile; fileRef = 22CF2F0B27DF7AAA006BC5F0 /* Assets.xcassets */; };
		22CF2F0F27DF7AAA006BC5F0 /* LaunchScreen.storyboard in Resources */ = {isa = PBXBuildFile; fileRef = 22CF2F0D27DF7AAA006BC5F0 /* LaunchScreen.storyboard */; };
		22CF2F1827DFD072006BC5F0 /* SearchPresenter.swift in Sources */ = {isa = PBXBuildFile; fileRef = 22CF2F1727DFD072006BC5F0 /* SearchPresenter.swift */; };
		22CF2F1A27DFD081006BC5F0 /* SearchViewController.swift in Sources */ = {isa = PBXBuildFile; fileRef = 22CF2F1927DFD081006BC5F0 /* SearchViewController.swift */; };
		22CF2F1D27DFD0A8006BC5F0 /* VideoListViewController.swift in Sources */ = {isa = PBXBuildFile; fileRef = 22CF2F1C27DFD0A8006BC5F0 /* VideoListViewController.swift */; };
		22CF2F1F27DFD0BD006BC5F0 /* VideoListPresenter.swift in Sources */ = {isa = PBXBuildFile; fileRef = 22CF2F1E27DFD0BD006BC5F0 /* VideoListPresenter.swift */; };
		22CF2F2227DFD29B006BC5F0 /* WebViewController.swift in Sources */ = {isa = PBXBuildFile; fileRef = 22CF2F2127DFD29B006BC5F0 /* WebViewController.swift */; };
		F2EF5252B192E2A9309701C0 /* Pods_YoutubeAPIAPP.framework in Frameworks */ = {isa = PBXBuildFile; fileRef = 9A4B2E3F6D03FE3E1F092933 /* Pods_YoutubeAPIAPP.framework */; };
/* End PBXBuildFile section */

/* Begin PBXFileReference section */
		22CF2EFF27DF7AA8006BC5F0 /* YoutubeAPIAPP.app */ = {isa = PBXFileReference; explicitFileType = wrapper.application; includeInIndex = 0; path = YoutubeAPIAPP.app; sourceTree = BUILT_PRODUCTS_DIR; };
		22CF2F0227DF7AA8006BC5F0 /* AppDelegate.swift */ = {isa = PBXFileReference; lastKnownFileType = sourcecode.swift; path = AppDelegate.swift; sourceTree = "<group>"; };
		22CF2F0427DF7AA8006BC5F0 /* SceneDelegate.swift */ = {isa = PBXFileReference; lastKnownFileType = sourcecode.swift; path = SceneDelegate.swift; sourceTree = "<group>"; };
		22CF2F0927DF7AA8006BC5F0 /* Base */ = {isa = PBXFileReference; lastKnownFileType = file.storyboard; name = Base; path = Base.lproj/Main.storyboard; sourceTree = "<group>"; };
		22CF2F0B27DF7AAA006BC5F0 /* Assets.xcassets */ = {isa = PBXFileReference; lastKnownFileType = folder.assetcatalog; path = Assets.xcassets; sourceTree = "<group>"; };
		22CF2F0E27DF7AAA006BC5F0 /* Base */ = {isa = PBXFileReference; lastKnownFileType = file.storyboard; name = Base; path = Base.lproj/LaunchScreen.storyboard; sourceTree = "<group>"; };
		22CF2F1027DF7AAA006BC5F0 /* Info.plist */ = {isa = PBXFileReference; lastKnownFileType = text.plist.xml; path = Info.plist; sourceTree = "<group>"; };
		22CF2F1727DFD072006BC5F0 /* SearchPresenter.swift */ = {isa = PBXFileReference; lastKnownFileType = sourcecode.swift; path = SearchPresenter.swift; sourceTree = "<group>"; };
		22CF2F1927DFD081006BC5F0 /* SearchViewController.swift */ = {isa = PBXFileReference; lastKnownFileType = sourcecode.swift; path = SearchViewController.swift; sourceTree = "<group>"; };
		22CF2F1C27DFD0A8006BC5F0 /* VideoListViewController.swift */ = {isa = PBXFileReference; lastKnownFileType = sourcecode.swift; path = VideoListViewController.swift; sourceTree = "<group>"; };
		22CF2F1E27DFD0BD006BC5F0 /* VideoListPresenter.swift */ = {isa = PBXFileReference; lastKnownFileType = sourcecode.swift; path = VideoListPresenter.swift; sourceTree = "<group>"; };
		22CF2F2127DFD29B006BC5F0 /* WebViewController.swift */ = {isa = PBXFileReference; lastKnownFileType = sourcecode.swift; path = WebViewController.swift; sourceTree = "<group>"; };
		49C867BCE29366B5F0EAE5CA /* Pods-YoutubeAPIAPP.debug.xcconfig */ = {isa = PBXFileReference; includeInIndex = 1; lastKnownFileType = text.xcconfig; name = "Pods-YoutubeAPIAPP.debug.xcconfig"; path = "Target Support Files/Pods-YoutubeAPIAPP/Pods-YoutubeAPIAPP.debug.xcconfig"; sourceTree = "<group>"; };
		9A4B2E3F6D03FE3E1F092933 /* Pods_YoutubeAPIAPP.framework */ = {isa = PBXFileReference; explicitFileType = wrapper.framework; includeInIndex = 0; path = Pods_YoutubeAPIAPP.framework; sourceTree = BUILT_PRODUCTS_DIR; };
		E3CDB35DA0A30B798E5881D6 /* Pods-YoutubeAPIAPP.release.xcconfig */ = {isa = PBXFileReference; includeInIndex = 1; lastKnownFileType = text.xcconfig; name = "Pods-YoutubeAPIAPP.release.xcconfig"; path = "Target Support Files/Pods-YoutubeAPIAPP/Pods-YoutubeAPIAPP.release.xcconfig"; sourceTree = "<group>"; };
/* End PBXFileReference section */

/* Begin PBXFrameworksBuildPhase section */
		22CF2EFC27DF7AA8006BC5F0 /* Frameworks */ = {
			isa = PBXFrameworksBuildPhase;
			buildActionMask = 2147483647;
			files = (
				F2EF5252B192E2A9309701C0 /* Pods_YoutubeAPIAPP.framework in Frameworks */,
			);
			runOnlyForDeploymentPostprocessing = 0;
		};
/* End PBXFrameworksBuildPhase section */

/* Begin PBXGroup section */
		22CF2EF627DF7AA8006BC5F0 = {
			isa = PBXGroup;
			children = (
				22CF2F0127DF7AA8006BC5F0 /* YoutubeAPIAPP */,
				22CF2F0027DF7AA8006BC5F0 /* Products */,
				633E6749C7D3FA9A209ED6DD /* Pods */,
				7123EDC3B2DB72B2AFBF21EF /* Frameworks */,
			);
			sourceTree = "<group>";
		};
		22CF2F0027DF7AA8006BC5F0 /* Products */ = {
			isa = PBXGroup;
			children = (
				22CF2EFF27DF7AA8006BC5F0 /* YoutubeAPIAPP.app */,
			);
			name = Products;
			sourceTree = "<group>";
		};
		22CF2F0127DF7AA8006BC5F0 /* YoutubeAPIAPP */ = {
			isa = PBXGroup;
			children = (
				22CF2F2027DFD1A2006BC5F0 /* WebViewController */,
				22CF2F1B27DFD087006BC5F0 /* VideoListViewController */,
				22CF2F1627DFD038006BC5F0 /* SearchViewController */,
				22CF2F0227DF7AA8006BC5F0 /* AppDelegate.swift */,
				22CF2F0427DF7AA8006BC5F0 /* SceneDelegate.swift */,
				22CF2F0827DF7AA8006BC5F0 /* Main.storyboard */,
				22CF2F0B27DF7AAA006BC5F0 /* Assets.xcassets */,
				22CF2F0D27DF7AAA006BC5F0 /* LaunchScreen.storyboard */,
				22CF2F1027DF7AAA006BC5F0 /* Info.plist */,
			);
			path = YoutubeAPIAPP;
			sourceTree = "<group>";
		};
		22CF2F1627DFD038006BC5F0 /* SearchViewController */ = {
			isa = PBXGroup;
			children = (
				22CF2F1727DFD072006BC5F0 /* SearchPresenter.swift */,
				22CF2F1927DFD081006BC5F0 /* SearchViewController.swift */,
			);
			path = SearchViewController;
			sourceTree = "<group>";
		};
		22CF2F1B27DFD087006BC5F0 /* VideoListViewController */ = {
			isa = PBXGroup;
			children = (
				22CF2F1C27DFD0A8006BC5F0 /* VideoListViewController.swift */,
				22CF2F1E27DFD0BD006BC5F0 /* VideoListPresenter.swift */,
			);
			path = VideoListViewController;
			sourceTree = "<group>";
		};
		22CF2F2027DFD1A2006BC5F0 /* WebViewController */ = {
			isa = PBXGroup;
			children = (
				22CF2F2127DFD29B006BC5F0 /* WebViewController.swift */,
			);
			path = WebViewController;
			sourceTree = "<group>";
		};
		633E6749C7D3FA9A209ED6DD /* Pods */ = {
			isa = PBXGroup;
			children = (
				49C867BCE29366B5F0EAE5CA /* Pods-YoutubeAPIAPP.debug.xcconfig */,
				E3CDB35DA0A30B798E5881D6 /* Pods-YoutubeAPIAPP.release.xcconfig */,
			);
			path = Pods;
			sourceTree = "<group>";
		};
		7123EDC3B2DB72B2AFBF21EF /* Frameworks */ = {
			isa = PBXGroup;
			children = (
				9A4B2E3F6D03FE3E1F092933 /* Pods_YoutubeAPIAPP.framework */,
			);
			name = Frameworks;
			sourceTree = "<group>";
		};
/* End PBXGroup section */

/* Begin PBXNativeTarget section */
		22CF2EFE27DF7AA8006BC5F0 /* YoutubeAPIAPP */ = {
			isa = PBXNativeTarget;
			buildConfigurationList = 22CF2F1327DF7AAA006BC5F0 /* Build configuration list for PBXNativeTarget "YoutubeAPIAPP" */;
			buildPhases = (
				0021035A59E8EE9F478C5F07 /* [CP] Check Pods Manifest.lock */,
				22CF2EFB27DF7AA8006BC5F0 /* Sources */,
				22CF2EFC27DF7AA8006BC5F0 /* Frameworks */,
				22CF2EFD27DF7AA8006BC5F0 /* Resources */,
				3B63568111C9F913646BC23B /* [CP] Embed Pods Frameworks */,
			);
			buildRules = (
			);
			dependencies = (
			);
			name = YoutubeAPIAPP;
			productName = YoutubeAPIAPP;
			productReference = 22CF2EFF27DF7AA8006BC5F0 /* YoutubeAPIAPP.app */;
			productType = "com.apple.product-type.application";
		};
/* End PBXNativeTarget section */

/* Begin PBXProject section */
		22CF2EF727DF7AA8006BC5F0 /* Project object */ = {
			isa = PBXProject;
			attributes = {
				BuildIndependentTargetsInParallel = 1;
				LastSwiftUpdateCheck = 1320;
				LastUpgradeCheck = 1320;
				TargetAttributes = {
					22CF2EFE27DF7AA8006BC5F0 = {
						CreatedOnToolsVersion = 13.2.1;
					};
				};
			};
			buildConfigurationList = 22CF2EFA27DF7AA8006BC5F0 /* Build configuration list for PBXProject "YoutubeAPIAPP" */;
			compatibilityVersion = "Xcode 13.0";
			developmentRegion = en;
			hasScannedForEncodings = 0;
			knownRegions = (
				en,
				Base,
			);
			mainGroup = 22CF2EF627DF7AA8006BC5F0;
			productRefGroup = 22CF2F0027DF7AA8006BC5F0 /* Products */;
			projectDirPath = "";
			projectRoot = "";
			targets = (
				22CF2EFE27DF7AA8006BC5F0 /* YoutubeAPIAPP */,
			);
		};
/* End PBXProject section */

/* Begin PBXResourcesBuildPhase section */
		22CF2EFD27DF7AA8006BC5F0 /* Resources */ = {
			isa = PBXResourcesBuildPhase;
			buildActionMask = 2147483647;
			files = (
				22CF2F0F27DF7AAA006BC5F0 /* LaunchScreen.storyboard in Resources */,
				22CF2F0C27DF7AAA006BC5F0 /* Assets.xcassets in Resources */,
				22CF2F0A27DF7AA8006BC5F0 /* Main.storyboard in Resources */,
			);
			runOnlyForDeploymentPostprocessing = 0;
		};
/* End PBXResourcesBuildPhase section */

/* Begin PBXShellScriptBuildPhase section */
		0021035A59E8EE9F478C5F07 /* [CP] Check Pods Manifest.lock */ = {
			isa = PBXShellScriptBuildPhase;
			buildActionMask = 2147483647;
			files = (
			);
			inputFileListPaths = (
			);
			inputPaths = (
				"${PODS_PODFILE_DIR_PATH}/Podfile.lock",
				"${PODS_ROOT}/Manifest.lock",
			);
			name = "[CP] Check Pods Manifest.lock";
			outputFileListPaths = (
			);
			outputPaths = (
				"$(DERIVED_FILE_DIR)/Pods-YoutubeAPIAPP-checkManifestLockResult.txt",
			);
			runOnlyForDeploymentPostprocessing = 0;
			shellPath = /bin/sh;
			shellScript = "diff \"${PODS_PODFILE_DIR_PATH}/Podfile.lock\" \"${PODS_ROOT}/Manifest.lock\" > /dev/null\nif [ $? != 0 ] ; then\n    # print error to STDERR\n    echo \"error: The sandbox is not in sync with the Podfile.lock. Run 'pod install' or update your CocoaPods installation.\" >&2\n    exit 1\nfi\n# This output is used by Xcode 'outputs' to avoid re-running this script phase.\necho \"SUCCESS\" > \"${SCRIPT_OUTPUT_FILE_0}\"\n";
			showEnvVarsInLog = 0;
		};
		3B63568111C9F913646BC23B /* [CP] Embed Pods Frameworks */ = {
			isa = PBXShellScriptBuildPhase;
			buildActionMask = 2147483647;
			files = (
			);
			inputFileListPaths = (
				"${PODS_ROOT}/Target Support Files/Pods-YoutubeAPIAPP/Pods-YoutubeAPIAPP-frameworks-${CONFIGURATION}-input-files.xcfilelist",
			);
			name = "[CP] Embed Pods Frameworks";
			outputFileListPaths = (
				"${PODS_ROOT}/Target Support Files/Pods-YoutubeAPIAPP/Pods-YoutubeAPIAPP-frameworks-${CONFIGURATION}-output-files.xcfilelist",
			);
			runOnlyForDeploymentPostprocessing = 0;
			shellPath = /bin/sh;
			shellScript = "\"${PODS_ROOT}/Target Support Files/Pods-YoutubeAPIAPP/Pods-YoutubeAPIAPP-frameworks.sh\"\n";
			showEnvVarsInLog = 0;
		};
/* End PBXShellScriptBuildPhase section */

/* Begin PBXSourcesBuildPhase section */
		22CF2EFB27DF7AA8006BC5F0 /* Sources */ = {
			isa = PBXSourcesBuildPhase;
			buildActionMask = 2147483647;
			files = (
				22CF2F0327DF7AA8006BC5F0 /* AppDelegate.swift in Sources */,
				22CF2F0527DF7AA8006BC5F0 /* SceneDelegate.swift in Sources */,
				22CF2F1D27DFD0A8006BC5F0 /* VideoListViewController.swift in Sources */,
				22CF2F1A27DFD081006BC5F0 /* SearchViewController.swift in Sources */,
				22CF2F2227DFD29B006BC5F0 /* WebViewController.swift in Sources */,
				22CF2F1F27DFD0BD006BC5F0 /* VideoListPresenter.swift in Sources */,
				22CF2F1827DFD072006BC5F0 /* SearchPresenter.swift in Sources */,
			);
			runOnlyForDeploymentPostprocessing = 0;
		};
/* End PBXSourcesBuildPhase section */

/* Begin PBXVariantGroup section */
		22CF2F0827DF7AA8006BC5F0 /* Main.storyboard */ = {
			isa = PBXVariantGroup;
			children = (
				22CF2F0927DF7AA8006BC5F0 /* Base */,
			);
			name = Main.storyboard;
			sourceTree = "<group>";
		};
		22CF2F0D27DF7AAA006BC5F0 /* LaunchScreen.storyboard */ = {
			isa = PBXVariantGroup;
			children = (
				22CF2F0E27DF7AAA006BC5F0 /* Base */,
			);
			name = LaunchScreen.storyboard;
			sourceTree = "<group>";
		};
/* End PBXVariantGroup section */

/* Begin XCBuildConfiguration section */
		22CF2F1127DF7AAA006BC5F0 /* Debug */ = {
			isa = XCBuildConfiguration;
			buildSettings = {
				ALWAYS_SEARCH_USER_PATHS = NO;
				CLANG_ANALYZER_NONNULL = YES;
				CLANG_ANALYZER_NUMBER_OBJECT_CONVERSION = YES_AGGRESSIVE;
				CLANG_CXX_LANGUAGE_STANDARD = "gnu++17";
				CLANG_CXX_LIBRARY = "libc++";
				CLANG_ENABLE_MODULES = YES;
				CLANG_ENABLE_OBJC_ARC = YES;
				CLANG_ENABLE_OBJC_WEAK = YES;
				CLANG_WARN_BLOCK_CAPTURE_AUTORELEASING = YES;
				CLANG_WARN_BOOL_CONVERSION = YES;
				CLANG_WARN_COMMA = YES;
				CLANG_WARN_CONSTANT_CONVERSION = YES;
				CLANG_WARN_DEPRECATED_OBJC_IMPLEMENTATIONS = YES;
				CLANG_WARN_DIRECT_OBJC_ISA_USAGE = YES_ERROR;
				CLANG_WARN_DOCUMENTATION_COMMENTS = YES;
				CLANG_WARN_EMPTY_BODY = YES;
				CLANG_WARN_ENUM_CONVERSION = YES;
				CLANG_WARN_INFINITE_RECURSION = YES;
				CLANG_WARN_INT_CONVERSION = YES;
				CLANG_WARN_NON_LITERAL_NULL_CONVERSION = YES;
				CLANG_WARN_OBJC_IMPLICIT_RETAIN_SELF = YES;
				CLANG_WARN_OBJC_LITERAL_CONVERSION = YES;
				CLANG_WARN_OBJC_ROOT_CLASS = YES_ERROR;
				CLANG_WARN_QUOTED_INCLUDE_IN_FRAMEWORK_HEADER = YES;
				CLANG_WARN_RANGE_LOOP_ANALYSIS = YES;
				CLANG_WARN_STRICT_PROTOTYPES = YES;
				CLANG_WARN_SUSPICIOUS_MOVE = YES;
				CLANG_WARN_UNGUARDED_AVAILABILITY = YES_AGGRESSIVE;
				CLANG_WARN_UNREACHABLE_CODE = YES;
				CLANG_WARN__DUPLICATE_METHOD_MATCH = YES;
				COPY_PHASE_STRIP = NO;
				DEBUG_INFORMATION_FORMAT = dwarf;
				ENABLE_STRICT_OBJC_MSGSEND = YES;
				ENABLE_TESTABILITY = YES;
				GCC_C_LANGUAGE_STANDARD = gnu11;
				GCC_DYNAMIC_NO_PIC = NO;
				GCC_NO_COMMON_BLOCKS = YES;
				GCC_OPTIMIZATION_LEVEL = 0;
				GCC_PREPROCESSOR_DEFINITIONS = (
					"DEBUG=1",
					"$(inherited)",
				);
				GCC_WARN_64_TO_32_BIT_CONVERSION = YES;
				GCC_WARN_ABOUT_RETURN_TYPE = YES_ERROR;
				GCC_WARN_UNDECLARED_SELECTOR = YES;
				GCC_WARN_UNINITIALIZED_AUTOS = YES_AGGRESSIVE;
				GCC_WARN_UNUSED_FUNCTION = YES;
				GCC_WARN_UNUSED_VARIABLE = YES;
				IPHONEOS_DEPLOYMENT_TARGET = 15.2;
				MTL_ENABLE_DEBUG_INFO = INCLUDE_SOURCE;
				MTL_FAST_MATH = YES;
				ONLY_ACTIVE_ARCH = YES;
				SDKROOT = iphoneos;
				SWIFT_ACTIVE_COMPILATION_CONDITIONS = DEBUG;
				SWIFT_OPTIMIZATION_LEVEL = "-Onone";
			};
			name = Debug;
		};
		22CF2F1227DF7AAA006BC5F0 /* Release */ = {
			isa = XCBuildConfiguration;
			buildSettings = {
				ALWAYS_SEARCH_USER_PATHS = NO;
				CLANG_ANALYZER_NONNULL = YES;
				CLANG_ANALYZER_NUMBER_OBJECT_CONVERSION = YES_AGGRESSIVE;
				CLANG_CXX_LANGUAGE_STANDARD = "gnu++17";
				CLANG_CXX_LIBRARY = "libc++";
				CLANG_ENABLE_MODULES = YES;
				CLANG_ENABLE_OBJC_ARC = YES;
				CLANG_ENABLE_OBJC_WEAK = YES;
				CLANG_WARN_BLOCK_CAPTURE_AUTORELEASING = YES;
				CLANG_WARN_BOOL_CONVERSION = YES;
				CLANG_WARN_COMMA = YES;
				CLANG_WARN_CONSTANT_CONVERSION = YES;
				CLANG_WARN_DEPRECATED_OBJC_IMPLEMENTATIONS = YES;
				CLANG_WARN_DIRECT_OBJC_ISA_USAGE = YES_ERROR;
				CLANG_WARN_DOCUMENTATION_COMMENTS = YES;
				CLANG_WARN_EMPTY_BODY = YES;
				CLANG_WARN_ENUM_CONVERSION = YES;
				CLANG_WARN_INFINITE_RECURSION = YES;
				CLANG_WARN_INT_CONVERSION = YES;
				CLANG_WARN_NON_LITERAL_NULL_CONVERSION = YES;
				CLANG_WARN_OBJC_IMPLICIT_RETAIN_SELF = YES;
				CLANG_WARN_OBJC_LITERAL_CONVERSION = YES;
				CLANG_WARN_OBJC_ROOT_CLASS = YES_ERROR;
				CLANG_WARN_QUOTED_INCLUDE_IN_FRAMEWORK_HEADER = YES;
				CLANG_WARN_RANGE_LOOP_ANALYSIS = YES;
				CLANG_WARN_STRICT_PROTOTYPES = YES;
				CLANG_WARN_SUSPICIOUS_MOVE = YES;
				CLANG_WARN_UNGUARDED_AVAILABILITY = YES_AGGRESSIVE;
				CLANG_WARN_UNREACHABLE_CODE = YES;
				CLANG_WARN__DUPLICATE_METHOD_MATCH = YES;
				COPY_PHASE_STRIP = NO;
				DEBUG_INFORMATION_FORMAT = "dwarf-with-dsym";
				ENABLE_NS_ASSERTIONS = NO;
				ENABLE_STRICT_OBJC_MSGSEND = YES;
				GCC_C_LANGUAGE_STANDARD = gnu11;
				GCC_NO_COMMON_BLOCKS = YES;
				GCC_WARN_64_TO_32_BIT_CONVERSION = YES;
				GCC_WARN_ABOUT_RETURN_TYPE = YES_ERROR;
				GCC_WARN_UNDECLARED_SELECTOR = YES;
				GCC_WARN_UNINITIALIZED_AUTOS = YES_AGGRESSIVE;
				GCC_WARN_UNUSED_FUNCTION = YES;
				GCC_WARN_UNUSED_VARIABLE = YES;
				IPHONEOS_DEPLOYMENT_TARGET = 15.2;
				MTL_ENABLE_DEBUG_INFO = NO;
				MTL_FAST_MATH = YES;
				SDKROOT = iphoneos;
				SWIFT_COMPILATION_MODE = wholemodule;
				SWIFT_OPTIMIZATION_LEVEL = "-O";
				VALIDATE_PRODUCT = YES;
			};
			name = Release;
		};
		22CF2F1427DF7AAA006BC5F0 /* Debug */ = {
			isa = XCBuildConfiguration;
			baseConfigurationReference = 49C867BCE29366B5F0EAE5CA /* Pods-YoutubeAPIAPP.debug.xcconfig */;
			buildSettings = {
				ASSETCATALOG_COMPILER_APPICON_NAME = AppIcon;
				ASSETCATALOG_COMPILER_GLOBAL_ACCENT_COLOR_NAME = AccentColor;
				CODE_SIGN_STYLE = Automatic;
				CURRENT_PROJECT_VERSION = 1;
				DEVELOPMENT_TEAM = Z898T9VB4G;
				GENERATE_INFOPLIST_FILE = YES;
				INFOPLIST_FILE = YoutubeAPIAPP/Info.plist;
				INFOPLIST_KEY_UIApplicationSupportsIndirectInputEvents = YES;
				INFOPLIST_KEY_UILaunchStoryboardName = LaunchScreen;
				INFOPLIST_KEY_UIMainStoryboardFile = Main;
				INFOPLIST_KEY_UISupportedInterfaceOrientations_iPad = "UIInterfaceOrientationPortrait UIInterfaceOrientationPortraitUpsideDown UIInterfaceOrientationLandscapeLeft UIInterfaceOrientationLandscapeRight";
				INFOPLIST_KEY_UISupportedInterfaceOrientations_iPhone = "UIInterfaceOrientationPortrait UIInterfaceOrientationLandscapeLeft UIInterfaceOrientationLandscapeRight";
				LD_RUNPATH_SEARCH_PATHS = (
					"$(inherited)",
					"@executable_path/Frameworks",
				);
				MARKETING_VERSION = 1.0;
				PRODUCT_BUNDLE_IDENTIFIER = com.tokoko.YoutubeAPIAPP;
				PRODUCT_NAME = "$(TARGET_NAME)";
				SWIFT_EMIT_LOC_STRINGS = YES;
				SWIFT_VERSION = 5.0;
				TARGETED_DEVICE_FAMILY = "1,2";
			};
			name = Debug;
		};
		22CF2F1527DF7AAA006BC5F0 /* Release */ = {
			isa = XCBuildConfiguration;
			baseConfigurationReference = E3CDB35DA0A30B798E5881D6 /* Pods-YoutubeAPIAPP.release.xcconfig */;
			buildSettings = {
				ASSETCATALOG_COMPILER_APPICON_NAME = AppIcon;
				ASSETCATALOG_COMPILER_GLOBAL_ACCENT_COLOR_NAME = AccentColor;
				CODE_SIGN_STYLE = Automatic;
				CURRENT_PROJECT_VERSION = 1;
				DEVELOPMENT_TEAM = Z898T9VB4G;
				GENERATE_INFOPLIST_FILE = YES;
				INFOPLIST_FILE = YoutubeAPIAPP/Info.plist;
				INFOPLIST_KEY_UIApplicationSupportsIndirectInputEvents = YES;
				INFOPLIST_KEY_UILaunchStoryboardName = LaunchScreen;
				INFOPLIST_KEY_UIMainStoryboardFile = Main;
				INFOPLIST_KEY_UISupportedInterfaceOrientations_iPad = "UIInterfaceOrientationPortrait UIInterfaceOrientationPortraitUpsideDown UIInterfaceOrientationLandscapeLeft UIInterfaceOrientationLandscapeRight";
				INFOPLIST_KEY_UISupportedInterfaceOrientations_iPhone = "UIInterfaceOrientationPortrait UIInterfaceOrientationLandscapeLeft UIInterfaceOrientationLandscapeRight";
				LD_RUNPATH_SEARCH_PATHS = (
					"$(inherited)",
					"@executable_path/Frameworks",
				);
				MARKETING_VERSION = 1.0;
				PRODUCT_BUNDLE_IDENTIFIER = com.tokoko.YoutubeAPIAPP;
				PRODUCT_NAME = "$(TARGET_NAME)";
				SWIFT_EMIT_LOC_STRINGS = YES;
				SWIFT_VERSION = 5.0;
				TARGETED_DEVICE_FAMILY = "1,2";
			};
			name = Release;
		};
/* End XCBuildConfiguration section */

/* Begin XCConfigurationList section */
		22CF2EFA27DF7AA8006BC5F0 /* Build configuration list for PBXProject "YoutubeAPIAPP" */ = {
			isa = XCConfigurationList;
			buildConfigurations = (
				22CF2F1127DF7AAA006BC5F0 /* Debug */,
				22CF2F1227DF7AAA006BC5F0 /* Release */,
			);
			defaultConfigurationIsVisible = 0;
			defaultConfigurationName = Release;
		};
		22CF2F1327DF7AAA006BC5F0 /* Build configuration list for PBXNativeTarget "YoutubeAPIAPP" */ = {
			isa = XCConfigurationList;
			buildConfigurations = (
				22CF2F1427DF7AAA006BC5F0 /* Debug */,
				22CF2F1527DF7AAA006BC5F0 /* Release */,
			);
			defaultConfigurationIsVisible = 0;
			defaultConfigurationName = Release;
		};
/* End XCConfigurationList section */
	};
	rootObject = 22CF2EF727DF7AA8006BC5F0 /* Project object */;
}
